
Microsoft Visual Studio Solution File, Format Version 12.00
# Visual Studio Version 16
VisualStudioVersion = 16.0.30114.105
MinimumVisualStudioVersion = 10.0.40219.1
Project("{FAE04EC0-301F-11D3-BF4B-00C04F79EFBC}") = "FigurasDDA", "FigurasDDA.csproj", "{A41AE362-DDDF-410A-8DE9-6A71679D2BE2}"
EndProject
Project("{FAE04EC0-301F-11D3-BF4B-00C04F79EFBC}") = "JTimbiriche", "..\JTimbiriche\JTimbiriche.csproj", "{A4CAD476-8731-4788-9CEA-1290922BBBD8}"
EndProject
Project("{FAE04EC0-301F-11D3-BF4B-00C04F79EFBC}") = "LanzarPelota", "..\LanzarPelota\LanzarPelota.csproj", "{112D05FD-9F81-4CF6-AED0-C14888BDADF4}"
EndProject
Global
	GlobalSection(SolutionConfigurationPlatforms) = preSolution
		Debug|Any CPU = Debug|Any CPU
		Release|Any CPU = Release|Any CPU
	EndGlobalSection
	GlobalSection(ProjectConfigurationPlatforms) = postSolution
		{A41AE362-DDDF-410A-8DE9-6A71679D2BE2}.Debug|Any CPU.ActiveCfg = Debug|Any CPU
		{A41AE362-DDDF-410A-8DE9-6A71679D2BE2}.Debug|Any CPU.Build.0 = Debug|Any CPU
		{A41AE362-DDDF-410A-8DE9-6A71679D2BE2}.Release|Any CPU.ActiveCfg = Release|Any CPU
		{A41AE362-DDDF-410A-8DE9-6A71679D2BE2}.Release|Any CPU.Build.0 = Release|Any CPU
		{A4CAD476-8731-4788-9CEA-1290922BBBD8}.Debug|Any CPU.ActiveCfg = Debug|Any CPU
		{A4CAD476-8731-4788-9CEA-1290922BBBD8}.Debug|Any CPU.Build.0 = Debug|Any CPU
		{A4CAD476-8731-4788-9CEA-1290922BBBD8}.Release|Any CPU.ActiveCfg = Release|Any CPU
		{A4CAD476-8731-4788-9CEA-1290922BBBD8}.Release|Any CPU.Build.0 = Release|Any CPU
		{112D05FD-9F81-4CF6-AED0-C14888BDADF4}.Debug|Any CPU.ActiveCfg = Debug|Any CPU
		{112D05FD-9F81-4CF6-AED0-C14888BDADF4}.Debug|Any CPU.Build.0 = Debug|Any CPU
		{112D05FD-9F81-4CF6-AED0-C14888BDADF4}.Release|Any CPU.ActiveCfg = Release|Any CPU
		{112D05FD-9F81-4CF6-AED0-C14888BDADF4}.Release|Any CPU.Build.0 = Release|Any CPU
	EndGlobalSection
	GlobalSection(SolutionProperties) = preSolution
		HideSolutionNode = FALSE
	EndGlobalSection
	GlobalSection(ExtensibilityGlobals) = postSolution
		SolutionGuid = {050F4CF4-FDFB-4D29-9BFF-A38AD09C4246}
	EndGlobalSection
EndGlobal
